
Microsoft Visual Studio Solution File, Format Version 12.00
# Visual Studio Version 16
VisualStudioVersion = 16.0.31025.194
MinimumVisualStudioVersion = 10.0.40219.1
Project("{FAE04EC0-301F-11D3-BF4B-00C04F79EFBC}") = "Runup", "Runup.csproj", "{6E36677B-FC3E-4708-B8B1-BB5D1348E292}"
EndProject
Global
	GlobalSection(SolutionConfigurationPlatforms) = preSolution
		Debug|Any CPU = Debug|Any CPU
		Release|Any CPU = Release|Any CPU
	EndGlobalSection
	GlobalSection(ProjectConfigurationPlatforms) = postSolution
		{6E36677B-FC3E-4708-B8B1-BB5D1348E292}.Debug|Any CPU.ActiveCfg = Debug|Any CPU
		{6E36677B-FC3E-4708-B8B1-BB5D1348E292}.Debug|Any CPU.Build.0 = Debug|Any CPU
		{6E36677B-FC3E-4708-B8B1-BB5D1348E292}.Release|Any CPU.ActiveCfg = Release|Any CPU
		{6E36677B-FC3E-4708-B8B1-BB5D1348E292}.Release|Any CPU.Build.0 = Release|Any CPU
	EndGlobalSection
	GlobalSection(SolutionProperties) = preSolution
		HideSolutionNode = FALSE
	EndGlobalSection
	GlobalSection(ExtensibilityGlobals) = postSolution
		SolutionGuid = {F730EFE7-41F6-4094-A99B-735D4EDB5EF4}
	EndGlobalSection
EndGlobal
